// !$*UTF8*$!
{
	archiveVersion = 1;
	classes = {
	};
	objectVersion = 50;
	objects = {

/* Begin PBXBuildFile section */
		3001799E2225611800E39CBD /* ConversationViewController.swift in Sources */ = {isa = PBXBuildFile; fileRef = 3001799D2225611800E39CBD /* ConversationViewController.swift */; };
		300179A122256FE800E39CBD /* InputMessageCell.swift in Sources */ = {isa = PBXBuildFile; fileRef = 3001799F22256FE800E39CBD /* InputMessageCell.swift */; };
		300179A222256FE800E39CBD /* InputMessageCell.xib in Resources */ = {isa = PBXBuildFile; fileRef = 300179A022256FE800E39CBD /* InputMessageCell.xib */; };
		300179A52225700200E39CBD /* OutputMessageCell.swift in Sources */ = {isa = PBXBuildFile; fileRef = 300179A32225700200E39CBD /* OutputMessageCell.swift */; };
		300179A62225700200E39CBD /* OutputMessageCell.xib in Resources */ = {isa = PBXBuildFile; fileRef = 300179A42225700200E39CBD /* OutputMessageCell.xib */; };
		300179A822259C9A00E39CBD /* ConversationCell.swift in Sources */ = {isa = PBXBuildFile; fileRef = 300179A722259C9A00E39CBD /* ConversationCell.swift */; };
		3002DC1522240B83009753EF /* ConversationsListViewController.swift in Sources */ = {isa = PBXBuildFile; fileRef = 3002DC1422240B83009753EF /* ConversationsListViewController.swift */; };
		3002DC1722242253009753EF /* CustomTableViewCell.swift in Sources */ = {isa = PBXBuildFile; fileRef = 3002DC1622242253009753EF /* CustomTableViewCell.swift */; };
		3002DC1922247BEB009753EF /* SellModel.swift in Sources */ = {isa = PBXBuildFile; fileRef = 3002DC1822247BEB009753EF /* SellModel.swift */; };
		301EC570220CC520003BEDEF /* AppDelegate.swift in Sources */ = {isa = PBXBuildFile; fileRef = 301EC56F220CC520003BEDEF /* AppDelegate.swift */; };
		301EC572220CC520003BEDEF /* ProfileViewController.swift in Sources */ = {isa = PBXBuildFile; fileRef = 301EC571220CC520003BEDEF /* ProfileViewController.swift */; };
		301EC575220CC520003BEDEF /* Main.storyboard in Resources */ = {isa = PBXBuildFile; fileRef = 301EC573220CC520003BEDEF /* Main.storyboard */; };
		301EC577220CC522003BEDEF /* Assets.xcassets in Resources */ = {isa = PBXBuildFile; fileRef = 301EC576220CC522003BEDEF /* Assets.xcassets */; };
		301EC57A220CC522003BEDEF /* LaunchScreen.storyboard in Resources */ = {isa = PBXBuildFile; fileRef = 301EC578220CC522003BEDEF /* LaunchScreen.storyboard */; };
		3070BF76222C980200D584CD /* ThemesViewController.m in Sources */ = {isa = PBXBuildFile; fileRef = 3070BF75222C980200D584CD /* ThemesViewController.m */; };
		3070BF7A222DD73F00D584CD /* Themes.m in Sources */ = {isa = PBXBuildFile; fileRef = 3070BF79222DD73F00D584CD /* Themes.m */; };
		30C32D1B221973DF003DBC00 /* UIButton+IBDesignable.swift in Sources */ = {isa = PBXBuildFile; fileRef = 30C32D1A221973DF003DBC00 /* UIButton+IBDesignable.swift */; };
		30C32D1D2219752D003DBC00 /* UIImageView+IBDesignable.swift in Sources */ = {isa = PBXBuildFile; fileRef = 30C32D1C2219752D003DBC00 /* UIImageView+IBDesignable.swift */; };
/* End PBXBuildFile section */

/* Begin PBXFileReference section */
		3001799D2225611800E39CBD /* ConversationViewController.swift */ = {isa = PBXFileReference; lastKnownFileType = sourcecode.swift; path = ConversationViewController.swift; sourceTree = "<group>"; };
		3001799F22256FE800E39CBD /* InputMessageCell.swift */ = {isa = PBXFileReference; lastKnownFileType = sourcecode.swift; path = InputMessageCell.swift; sourceTree = "<group>"; };
		300179A022256FE800E39CBD /* InputMessageCell.xib */ = {isa = PBXFileReference; lastKnownFileType = file.xib; path = InputMessageCell.xib; sourceTree = "<group>"; };
		300179A32225700200E39CBD /* OutputMessageCell.swift */ = {isa = PBXFileReference; lastKnownFileType = sourcecode.swift; path = OutputMessageCell.swift; sourceTree = "<group>"; };
		300179A42225700200E39CBD /* OutputMessageCell.xib */ = {isa = PBXFileReference; lastKnownFileType = file.xib; path = OutputMessageCell.xib; sourceTree = "<group>"; };
		300179A722259C9A00E39CBD /* ConversationCell.swift */ = {isa = PBXFileReference; lastKnownFileType = sourcecode.swift; path = ConversationCell.swift; sourceTree = "<group>"; };
		3002DC1422240B83009753EF /* ConversationsListViewController.swift */ = {isa = PBXFileReference; lastKnownFileType = sourcecode.swift; path = ConversationsListViewController.swift; sourceTree = "<group>"; };
		3002DC1622242253009753EF /* CustomTableViewCell.swift */ = {isa = PBXFileReference; lastKnownFileType = sourcecode.swift; path = CustomTableViewCell.swift; sourceTree = "<group>"; };
		3002DC1822247BEB009753EF /* SellModel.swift */ = {isa = PBXFileReference; lastKnownFileType = sourcecode.swift; path = SellModel.swift; sourceTree = "<group>"; };
		301EC56C220CC520003BEDEF /* FinChat.app */ = {isa = PBXFileReference; explicitFileType = wrapper.application; includeInIndex = 0; path = FinChat.app; sourceTree = BUILT_PRODUCTS_DIR; };
		301EC56F220CC520003BEDEF /* AppDelegate.swift */ = {isa = PBXFileReference; lastKnownFileType = sourcecode.swift; path = AppDelegate.swift; sourceTree = "<group>"; };
		301EC571220CC520003BEDEF /* ProfileViewController.swift */ = {isa = PBXFileReference; lastKnownFileType = sourcecode.swift; path = ProfileViewController.swift; sourceTree = "<group>"; };
		301EC574220CC520003BEDEF /* Base */ = {isa = PBXFileReference; lastKnownFileType = file.storyboard; name = Base; path = Base.lproj/Main.storyboard; sourceTree = "<group>"; };
		301EC576220CC522003BEDEF /* Assets.xcassets */ = {isa = PBXFileReference; lastKnownFileType = folder.assetcatalog; path = Assets.xcassets; sourceTree = "<group>"; };
		301EC579220CC522003BEDEF /* Base */ = {isa = PBXFileReference; lastKnownFileType = file.storyboard; name = Base; path = Base.lproj/LaunchScreen.storyboard; sourceTree = "<group>"; };
		301EC57B220CC522003BEDEF /* Info.plist */ = {isa = PBXFileReference; lastKnownFileType = text.plist.xml; path = Info.plist; sourceTree = "<group>"; };
		3070BF73222C980100D584CD /* FinChat-Bridging-Header.h */ = {isa = PBXFileReference; lastKnownFileType = sourcecode.c.h; path = "FinChat-Bridging-Header.h"; sourceTree = "<group>"; };
		3070BF74222C980200D584CD /* ThemesViewController.h */ = {isa = PBXFileReference; lastKnownFileType = sourcecode.c.h; path = ThemesViewController.h; sourceTree = "<group>"; };
		3070BF75222C980200D584CD /* ThemesViewController.m */ = {isa = PBXFileReference; lastKnownFileType = sourcecode.c.objc; path = ThemesViewController.m; sourceTree = "<group>"; };
		3070BF77222DC06A00D584CD /* ThemesViewControllerDelegate.h */ = {isa = PBXFileReference; lastKnownFileType = sourcecode.c.h; path = ThemesViewControllerDelegate.h; sourceTree = "<group>"; };
		3070BF78222DD73F00D584CD /* Themes.h */ = {isa = PBXFileReference; lastKnownFileType = sourcecode.c.h; path = Themes.h; sourceTree = "<group>"; };
		3070BF79222DD73F00D584CD /* Themes.m */ = {isa = PBXFileReference; lastKnownFileType = sourcecode.c.objc; path = Themes.m; sourceTree = "<group>"; };
		30C32D1A221973DF003DBC00 /* UIButton+IBDesignable.swift */ = {isa = PBXFileReference; lastKnownFileType = sourcecode.swift; path = "UIButton+IBDesignable.swift"; sourceTree = "<group>"; };
		30C32D1C2219752D003DBC00 /* UIImageView+IBDesignable.swift */ = {isa = PBXFileReference; lastKnownFileType = sourcecode.swift; path = "UIImageView+IBDesignable.swift"; sourceTree = "<group>"; };
/* End PBXFileReference section */

/* Begin PBXFrameworksBuildPhase section */
		301EC569220CC520003BEDEF /* Frameworks */ = {
			isa = PBXFrameworksBuildPhase;
			buildActionMask = 2147483647;
			files = (
			);
			runOnlyForDeploymentPostprocessing = 0;
		};
/* End PBXFrameworksBuildPhase section */

/* Begin PBXGroup section */
		301EC563220CC520003BEDEF = {
			isa = PBXGroup;
			children = (
				301EC56E220CC520003BEDEF /* FinChat */,
				301EC56D220CC520003BEDEF /* Products */,
			);
			sourceTree = "<group>";
		};
		301EC56D220CC520003BEDEF /* Products */ = {
			isa = PBXGroup;
			children = (
				301EC56C220CC520003BEDEF /* FinChat.app */,
			);
			name = Products;
			sourceTree = "<group>";
		};
		301EC56E220CC520003BEDEF /* FinChat */ = {
			isa = PBXGroup;
			children = (
				3070BF72222C8D4200D584CD /* Obj C */,
				30C32D1922197378003DBC00 /* Extensions */,
				301EC56F220CC520003BEDEF /* AppDelegate.swift */,
				301EC571220CC520003BEDEF /* ProfileViewController.swift */,
				3002DC1422240B83009753EF /* ConversationsListViewController.swift */,
				3002DC1822247BEB009753EF /* SellModel.swift */,
				3002DC1622242253009753EF /* CustomTableViewCell.swift */,
				301EC573220CC520003BEDEF /* Main.storyboard */,
				3001799F22256FE800E39CBD /* InputMessageCell.swift */,
				300179A022256FE800E39CBD /* InputMessageCell.xib */,
				300179A32225700200E39CBD /* OutputMessageCell.swift */,
				300179A42225700200E39CBD /* OutputMessageCell.xib */,
				3001799D2225611800E39CBD /* ConversationViewController.swift */,
				300179A722259C9A00E39CBD /* ConversationCell.swift */,
				301EC576220CC522003BEDEF /* Assets.xcassets */,
				301EC578220CC522003BEDEF /* LaunchScreen.storyboard */,
				301EC57B220CC522003BEDEF /* Info.plist */,
			);
			path = FinChat;
			sourceTree = "<group>";
		};
		3070BF72222C8D4200D584CD /* Obj C */ = {
			isa = PBXGroup;
			children = (
				3070BF77222DC06A00D584CD /* ThemesViewControllerDelegate.h */,
				3070BF74222C980200D584CD /* ThemesViewController.h */,
				3070BF75222C980200D584CD /* ThemesViewController.m */,
				3070BF78222DD73F00D584CD /* Themes.h */,
				3070BF79222DD73F00D584CD /* Themes.m */,
				3070BF73222C980100D584CD /* FinChat-Bridging-Header.h */,
			);
			path = "Obj C";
			sourceTree = "<group>";
		};
		30C32D1922197378003DBC00 /* Extensions */ = {
			isa = PBXGroup;
			children = (
				30C32D1A221973DF003DBC00 /* UIButton+IBDesignable.swift */,
				30C32D1C2219752D003DBC00 /* UIImageView+IBDesignable.swift */,
			);
			path = Extensions;
			sourceTree = "<group>";
		};
/* End PBXGroup section */

/* Begin PBXNativeTarget section */
		301EC56B220CC520003BEDEF /* FinChat */ = {
			isa = PBXNativeTarget;
			buildConfigurationList = 301EC57E220CC522003BEDEF /* Build configuration list for PBXNativeTarget "FinChat" */;
			buildPhases = (
				301EC568220CC520003BEDEF /* Sources */,
				301EC569220CC520003BEDEF /* Frameworks */,
				301EC56A220CC520003BEDEF /* Resources */,
			);
			buildRules = (
			);
			dependencies = (
			);
			name = FinChat;
			productName = FinChat;
			productReference = 301EC56C220CC520003BEDEF /* FinChat.app */;
			productType = "com.apple.product-type.application";
		};
/* End PBXNativeTarget section */

/* Begin PBXProject section */
		301EC564220CC520003BEDEF /* Project object */ = {
			isa = PBXProject;
			attributes = {
				LastSwiftUpdateCheck = 1010;
				LastUpgradeCheck = 1010;
				ORGANIZATIONNAME = "Роман Нордштрем";
				TargetAttributes = {
					301EC56B220CC520003BEDEF = {
						CreatedOnToolsVersion = 10.1;
						LastSwiftMigration = 1010;
					};
				};
			};
			buildConfigurationList = 301EC567220CC520003BEDEF /* Build configuration list for PBXProject "FinChat" */;
			compatibilityVersion = "Xcode 9.3";
			developmentRegion = en;
			hasScannedForEncodings = 0;
			knownRegions = (
				en,
				Base,
			);
			mainGroup = 301EC563220CC520003BEDEF;
			productRefGroup = 301EC56D220CC520003BEDEF /* Products */;
			projectDirPath = "";
			projectRoot = "";
			targets = (
				301EC56B220CC520003BEDEF /* FinChat */,
			);
		};
/* End PBXProject section */

/* Begin PBXResourcesBuildPhase section */
		301EC56A220CC520003BEDEF /* Resources */ = {
			isa = PBXResourcesBuildPhase;
			buildActionMask = 2147483647;
			files = (
				300179A62225700200E39CBD /* OutputMessageCell.xib in Resources */,
				301EC57A220CC522003BEDEF /* LaunchScreen.storyboard in Resources */,
				301EC577220CC522003BEDEF /* Assets.xcassets in Resources */,
				300179A222256FE800E39CBD /* InputMessageCell.xib in Resources */,
				301EC575220CC520003BEDEF /* Main.storyboard in Resources */,
			);
			runOnlyForDeploymentPostprocessing = 0;
		};
/* End PBXResourcesBuildPhase section */

/* Begin PBXSourcesBuildPhase section */
		301EC568220CC520003BEDEF /* Sources */ = {
			isa = PBXSourcesBuildPhase;
			buildActionMask = 2147483647;
			files = (
				3002DC1722242253009753EF /* CustomTableViewCell.swift in Sources */,
				300179A822259C9A00E39CBD /* ConversationCell.swift in Sources */,
				3070BF76222C980200D584CD /* ThemesViewController.m in Sources */,
				3002DC1922247BEB009753EF /* SellModel.swift in Sources */,
				3001799E2225611800E39CBD /* ConversationViewController.swift in Sources */,
				301EC572220CC520003BEDEF /* ProfileViewController.swift in Sources */,
				3002DC1522240B83009753EF /* ConversationsListViewController.swift in Sources */,
				3070BF7A222DD73F00D584CD /* Themes.m in Sources */,
				30C32D1D2219752D003DBC00 /* UIImageView+IBDesignable.swift in Sources */,
				301EC570220CC520003BEDEF /* AppDelegate.swift in Sources */,
				300179A122256FE800E39CBD /* InputMessageCell.swift in Sources */,
				300179A52225700200E39CBD /* OutputMessageCell.swift in Sources */,
				30C32D1B221973DF003DBC00 /* UIButton+IBDesignable.swift in Sources */,
			);
			runOnlyForDeploymentPostprocessing = 0;
		};
/* End PBXSourcesBuildPhase section */

/* Begin PBXVariantGroup section */
		301EC573220CC520003BEDEF /* Main.storyboard */ = {
			isa = PBXVariantGroup;
			children = (
				301EC574220CC520003BEDEF /* Base */,
			);
			name = Main.storyboard;
			sourceTree = "<group>";
		};
		301EC578220CC522003BEDEF /* LaunchScreen.storyboard */ = {
			isa = PBXVariantGroup;
			children = (
				301EC579220CC522003BEDEF /* Base */,
			);
			name = LaunchScreen.storyboard;
			sourceTree = "<group>";
		};
/* End PBXVariantGroup section */

/* Begin XCBuildConfiguration section */
		301EC57C220CC522003BEDEF /* Debug */ = {
			isa = XCBuildConfiguration;
			buildSettings = {
				ALWAYS_SEARCH_USER_PATHS = NO;
				CLANG_ANALYZER_NONNULL = YES;
				CLANG_ANALYZER_NUMBER_OBJECT_CONVERSION = YES_AGGRESSIVE;
				CLANG_CXX_LANGUAGE_STANDARD = "gnu++14";
				CLANG_CXX_LIBRARY = "libc++";
				CLANG_ENABLE_MODULES = YES;
				CLANG_ENABLE_OBJC_ARC = YES;
				CLANG_ENABLE_OBJC_WEAK = YES;
				CLANG_WARN_BLOCK_CAPTURE_AUTORELEASING = YES;
				CLANG_WARN_BOOL_CONVERSION = YES;
				CLANG_WARN_COMMA = YES;
				CLANG_WARN_CONSTANT_CONVERSION = YES;
				CLANG_WARN_DEPRECATED_OBJC_IMPLEMENTATIONS = YES;
				CLANG_WARN_DIRECT_OBJC_ISA_USAGE = YES_ERROR;
				CLANG_WARN_DOCUMENTATION_COMMENTS = YES;
				CLANG_WARN_EMPTY_BODY = YES;
				CLANG_WARN_ENUM_CONVERSION = YES;
				CLANG_WARN_INFINITE_RECURSION = YES;
				CLANG_WARN_INT_CONVERSION = YES;
				CLANG_WARN_NON_LITERAL_NULL_CONVERSION = YES;
				CLANG_WARN_OBJC_IMPLICIT_RETAIN_SELF = YES;
				CLANG_WARN_OBJC_LITERAL_CONVERSION = YES;
				CLANG_WARN_OBJC_ROOT_CLASS = YES_ERROR;
				CLANG_WARN_RANGE_LOOP_ANALYSIS = YES;
				CLANG_WARN_STRICT_PROTOTYPES = YES;
				CLANG_WARN_SUSPICIOUS_MOVE = YES;
				CLANG_WARN_UNGUARDED_AVAILABILITY = YES_AGGRESSIVE;
				CLANG_WARN_UNREACHABLE_CODE = YES;
				CLANG_WARN__DUPLICATE_METHOD_MATCH = YES;
				CODE_SIGN_IDENTITY = "iPhone Developer";
				COPY_PHASE_STRIP = NO;
				DEBUG_INFORMATION_FORMAT = dwarf;
				ENABLE_STRICT_OBJC_MSGSEND = YES;
				ENABLE_TESTABILITY = YES;
				GCC_C_LANGUAGE_STANDARD = gnu11;
				GCC_DYNAMIC_NO_PIC = NO;
				GCC_NO_COMMON_BLOCKS = YES;
				GCC_OPTIMIZATION_LEVEL = 0;
				GCC_PREPROCESSOR_DEFINITIONS = (
					"DEBUG=1",
					"$(inherited)",
				);
				GCC_WARN_64_TO_32_BIT_CONVERSION = YES;
				GCC_WARN_ABOUT_RETURN_TYPE = YES_ERROR;
				GCC_WARN_UNDECLARED_SELECTOR = YES;
				GCC_WARN_UNINITIALIZED_AUTOS = YES_AGGRESSIVE;
				GCC_WARN_UNUSED_FUNCTION = YES;
				GCC_WARN_UNUSED_VARIABLE = YES;
				IPHONEOS_DEPLOYMENT_TARGET = 12.1;
				MTL_ENABLE_DEBUG_INFO = INCLUDE_SOURCE;
				MTL_FAST_MATH = YES;
				ONLY_ACTIVE_ARCH = YES;
				SDKROOT = iphoneos;
				SWIFT_ACTIVE_COMPILATION_CONDITIONS = DEBUG;
				SWIFT_OPTIMIZATION_LEVEL = "-Onone";
			};
			name = Debug;
		};
		301EC57D220CC522003BEDEF /* Release */ = {
			isa = XCBuildConfiguration;
			buildSettings = {
				ALWAYS_SEARCH_USER_PATHS = NO;
				CLANG_ANALYZER_NONNULL = YES;
				CLANG_ANALYZER_NUMBER_OBJECT_CONVERSION = YES_AGGRESSIVE;
				CLANG_CXX_LANGUAGE_STANDARD = "gnu++14";
				CLANG_CXX_LIBRARY = "libc++";
				CLANG_ENABLE_MODULES = YES;
				CLANG_ENABLE_OBJC_ARC = YES;
				CLANG_ENABLE_OBJC_WEAK = YES;
				CLANG_WARN_BLOCK_CAPTURE_AUTORELEASING = YES;
				CLANG_WARN_BOOL_CONVERSION = YES;
				CLANG_WARN_COMMA = YES;
				CLANG_WARN_CONSTANT_CONVERSION = YES;
				CLANG_WARN_DEPRECATED_OBJC_IMPLEMENTATIONS = YES;
				CLANG_WARN_DIRECT_OBJC_ISA_USAGE = YES_ERROR;
				CLANG_WARN_DOCUMENTATION_COMMENTS = YES;
				CLANG_WARN_EMPTY_BODY = YES;
				CLANG_WARN_ENUM_CONVERSION = YES;
				CLANG_WARN_INFINITE_RECURSION = YES;
				CLANG_WARN_INT_CONVERSION = YES;
				CLANG_WARN_NON_LITERAL_NULL_CONVERSION = YES;
				CLANG_WARN_OBJC_IMPLICIT_RETAIN_SELF = YES;
				CLANG_WARN_OBJC_LITERAL_CONVERSION = YES;
				CLANG_WARN_OBJC_ROOT_CLASS = YES_ERROR;
				CLANG_WARN_RANGE_LOOP_ANALYSIS = YES;
				CLANG_WARN_STRICT_PROTOTYPES = YES;
				CLANG_WARN_SUSPICIOUS_MOVE = YES;
				CLANG_WARN_UNGUARDED_AVAILABILITY = YES_AGGRESSIVE;
				CLANG_WARN_UNREACHABLE_CODE = YES;
				CLANG_WARN__DUPLICATE_METHOD_MATCH = YES;
				CODE_SIGN_IDENTITY = "iPhone Developer";
				COPY_PHASE_STRIP = NO;
				DEBUG_INFORMATION_FORMAT = "dwarf-with-dsym";
				ENABLE_NS_ASSERTIONS = NO;
				ENABLE_STRICT_OBJC_MSGSEND = YES;
				GCC_C_LANGUAGE_STANDARD = gnu11;
				GCC_NO_COMMON_BLOCKS = YES;
				GCC_WARN_64_TO_32_BIT_CONVERSION = YES;
				GCC_WARN_ABOUT_RETURN_TYPE = YES_ERROR;
				GCC_WARN_UNDECLARED_SELECTOR = YES;
				GCC_WARN_UNINITIALIZED_AUTOS = YES_AGGRESSIVE;
				GCC_WARN_UNUSED_FUNCTION = YES;
				GCC_WARN_UNUSED_VARIABLE = YES;
				IPHONEOS_DEPLOYMENT_TARGET = 12.1;
				MTL_ENABLE_DEBUG_INFO = NO;
				MTL_FAST_MATH = YES;
				SDKROOT = iphoneos;
				SWIFT_COMPILATION_MODE = wholemodule;
				SWIFT_OPTIMIZATION_LEVEL = "-O";
				VALIDATE_PRODUCT = YES;
			};
			name = Release;
		};
		301EC57F220CC522003BEDEF /* Debug */ = {
			isa = XCBuildConfiguration;
			buildSettings = {
				ASSETCATALOG_COMPILER_APPICON_NAME = AppIcon;
				CLANG_ENABLE_MODULES = YES;
				CLANG_ENABLE_OBJC_ARC = NO;
				CODE_SIGN_STYLE = Automatic;
				DEVELOPMENT_TEAM = 6U2E836ZRK;
				INFOPLIST_FILE = FinChat/Info.plist;
				IPHONEOS_DEPLOYMENT_TARGET = 11.0;
				LD_RUNPATH_SEARCH_PATHS = (
					"$(inherited)",
					"@executable_path/Frameworks",
				);
				PRODUCT_BUNDLE_IDENTIFIER = ios.FinChat;
				PRODUCT_NAME = "$(TARGET_NAME)";
				SWIFT_OBJC_BRIDGING_HEADER = "FinChat/Obj C/FinChat-Bridging-Header.h";
				SWIFT_OPTIMIZATION_LEVEL = "-Onone";
				SWIFT_VERSION = 4.2;
				TARGETED_DEVICE_FAMILY = "1,2";
			};
			name = Debug;
		};
		301EC580220CC522003BEDEF /* Release */ = {
			isa = XCBuildConfiguration;
			buildSettings = {
				ASSETCATALOG_COMPILER_APPICON_NAME = AppIcon;
				CLANG_ENABLE_MODULES = YES;
				CLANG_ENABLE_OBJC_ARC = NO;
				CODE_SIGN_STYLE = Automatic;
				DEVELOPMENT_TEAM = 6U2E836ZRK;
				INFOPLIST_FILE = FinChat/Info.plist;
				IPHONEOS_DEPLOYMENT_TARGET = 11.0;
				LD_RUNPATH_SEARCH_PATHS = (
					"$(inherited)",
					"@executable_path/Frameworks",
				);
				PRODUCT_BUNDLE_IDENTIFIER = ios.FinChat;
				PRODUCT_NAME = "$(TARGET_NAME)";
				SWIFT_OBJC_BRIDGING_HEADER = "FinChat/Obj C/FinChat-Bridging-Header.h";
				SWIFT_VERSION = 4.2;
				TARGETED_DEVICE_FAMILY = "1,2";
			};
			name = Release;
		};
/* End XCBuildConfiguration section */

/* Begin XCConfigurationList section */
		301EC567220CC520003BEDEF /* Build configuration list for PBXProject "FinChat" */ = {
			isa = XCConfigurationList;
			buildConfigurations = (
				301EC57C220CC522003BEDEF /* Debug */,
				301EC57D220CC522003BEDEF /* Release */,
			);
			defaultConfigurationIsVisible = 0;
			defaultConfigurationName = Release;
		};
		301EC57E220CC522003BEDEF /* Build configuration list for PBXNativeTarget "FinChat" */ = {
			isa = XCConfigurationList;
			buildConfigurations = (
				301EC57F220CC522003BEDEF /* Debug */,
				301EC580220CC522003BEDEF /* Release */,
			);
			defaultConfigurationIsVisible = 0;
			defaultConfigurationName = Release;
		};
/* End XCConfigurationList section */
	};
	rootObject = 301EC564220CC520003BEDEF /* Project object */;
}
